# This file was autogenerated by Stack.
# You should not edit this file by hand.
# For more information, please see the documentation at:
#   https://docs.haskellstack.org/en/stable/lock_files

packages: []
snapshots:
- completed:
    sha256: 66fad1bb5e35649d4f4a38f3e89197beeb567754eb07f8c5351bf161569b1373
    size: 600121
    url: https://raw.githubusercontent.com/commercialhaskell/stackage-snapshots/master/nightly/2023/3/30.yaml
  original: nightly-2023-03-30
