# This file was autogenerated by Stack.
# You should not edit this file by hand.
# For more information, please see the documentation at:
#   https://docs.haskellstack.org/en/stable/lock_files

packages: []
snapshots:
- completed:
    sha256: bbd49f3f6980c15149b69fd364c212e7b17452c795594a937377eaaa24434f63
    size: 678583
    url: https://raw.githubusercontent.com/commercialhaskell/stackage-snapshots/master/nightly/2025/5/13.yaml
  original: nightly-2025-05-13
